
Microsoft Visual Studio Solution File, Format Version 12.00
# Visual Studio Version 17
VisualStudioVersion = 17.9.34723.18
MinimumVisualStudioVersion = 10.0.40219.1
Project("{FAE04EC0-301F-11D3-BF4B-00C04F79EFBC}") = "BCEATS", "BCEATS\BCEATS.csproj", "{79347986-7328-4A8D-BB33-6B929D4DFB7D}"
EndProject
Global
	GlobalSection(SolutionConfigurationPlatforms) = preSolution
		Debug|Any CPU = Debug|Any CPU
		Release|Any CPU = Release|Any CPU
	EndGlobalSection
	GlobalSection(ProjectConfigurationPlatforms) = postSolution
		{79347986-7328-4A8D-BB33-6B929D4DFB7D}.Debug|Any CPU.ActiveCfg = Debug|Any CPU
		{79347986-7328-4A8D-BB33-6B929D4DFB7D}.Debug|Any CPU.Build.0 = Debug|Any CPU
		{79347986-7328-4A8D-BB33-6B929D4DFB7D}.Release|Any CPU.ActiveCfg = Release|Any CPU
		{79347986-7328-4A8D-BB33-6B929D4DFB7D}.Release|Any CPU.Build.0 = Release|Any CPU
	EndGlobalSection
	GlobalSection(SolutionProperties) = preSolution
		HideSolutionNode = FALSE
	EndGlobalSection
	GlobalSection(ExtensibilityGlobals) = postSolution
		SolutionGuid = {AFED727D-0DA2-443C-A9DF-15951673E08A}
	EndGlobalSection
EndGlobal
